
Microsoft Visual Studio Solution File, Format Version 12.00
# Visual Studio Version 16
VisualStudioVersion = 16.0.29215.179
MinimumVisualStudioVersion = 10.0.40219.1
Project("{FAE04EC0-301F-11D3-BF4B-00C04F79EFBC}") = "FIT5032_Week06", "FIT5032_Week06.csproj", "{D8929374-2DB2-46E7-AF21-EF883B42987C}"
EndProject
Global
	GlobalSection(SolutionConfigurationPlatforms) = preSolution
		Debug|Any CPU = Debug|Any CPU
		Release|Any CPU = Release|Any CPU
	EndGlobalSection
	GlobalSection(ProjectConfigurationPlatforms) = postSolution
		{D8929374-2DB2-46E7-AF21-EF883B42987C}.Debug|Any CPU.ActiveCfg = Debug|Any CPU
		{D8929374-2DB2-46E7-AF21-EF883B42987C}.Debug|Any CPU.Build.0 = Debug|Any CPU
		{D8929374-2DB2-46E7-AF21-EF883B42987C}.Release|Any CPU.ActiveCfg = Release|Any CPU
		{D8929374-2DB2-46E7-AF21-EF883B42987C}.Release|Any CPU.Build.0 = Release|Any CPU
	EndGlobalSection
	GlobalSection(SolutionProperties) = preSolution
		HideSolutionNode = FALSE
	EndGlobalSection
	GlobalSection(ExtensibilityGlobals) = postSolution
		SolutionGuid = {39B1D02D-C456-4F08-9452-D072667459A4}
	EndGlobalSection
EndGlobal
